
Microsoft Visual Studio Solution File, Format Version 12.00
# Visual Studio Version 16
VisualStudioVersion = 16.0.31702.278
MinimumVisualStudioVersion = 10.0.40219.1
Project("{FAE04EC0-301F-11D3-BF4B-00C04F79EFBC}") = "Task1", "Task1\Task1.csproj", "{9D5C9BA0-6B91-4494-B048-BFA85889855C}"
EndProject
Project("{FAE04EC0-301F-11D3-BF4B-00C04F79EFBC}") = "Task2", "Task2\Task2.csproj", "{53743C82-9B22-4016-9263-D1F806D3888E}"
EndProject
Project("{FAE04EC0-301F-11D3-BF4B-00C04F79EFBC}") = "Task3", "Task3\Task3.csproj", "{1622216D-8E63-4FD6-BA1A-AD3E7BECDBA1}"
EndProject
Project("{FAE04EC0-301F-11D3-BF4B-00C04F79EFBC}") = "Task4", "Task4\Task4.csproj", "{B77893C8-B6FC-4451-8135-40CAC486EC70}"
EndProject
Global
	GlobalSection(SolutionConfigurationPlatforms) = preSolution
		Debug|Any CPU = Debug|Any CPU
		Release|Any CPU = Release|Any CPU
	EndGlobalSection
	GlobalSection(ProjectConfigurationPlatforms) = postSolution
		{9D5C9BA0-6B91-4494-B048-BFA85889855C}.Debug|Any CPU.ActiveCfg = Debug|Any CPU
		{9D5C9BA0-6B91-4494-B048-BFA85889855C}.Debug|Any CPU.Build.0 = Debug|Any CPU
		{9D5C9BA0-6B91-4494-B048-BFA85889855C}.Release|Any CPU.ActiveCfg = Release|Any CPU
		{9D5C9BA0-6B91-4494-B048-BFA85889855C}.Release|Any CPU.Build.0 = Release|Any CPU
		{53743C82-9B22-4016-9263-D1F806D3888E}.Debug|Any CPU.ActiveCfg = Debug|Any CPU
		{53743C82-9B22-4016-9263-D1F806D3888E}.Debug|Any CPU.Build.0 = Debug|Any CPU
		{53743C82-9B22-4016-9263-D1F806D3888E}.Release|Any CPU.ActiveCfg = Release|Any CPU
		{53743C82-9B22-4016-9263-D1F806D3888E}.Release|Any CPU.Build.0 = Release|Any CPU
		{1622216D-8E63-4FD6-BA1A-AD3E7BECDBA1}.Debug|Any CPU.ActiveCfg = Debug|Any CPU
		{1622216D-8E63-4FD6-BA1A-AD3E7BECDBA1}.Debug|Any CPU.Build.0 = Debug|Any CPU
		{1622216D-8E63-4FD6-BA1A-AD3E7BECDBA1}.Release|Any CPU.ActiveCfg = Release|Any CPU
		{1622216D-8E63-4FD6-BA1A-AD3E7BECDBA1}.Release|Any CPU.Build.0 = Release|Any CPU
		{B77893C8-B6FC-4451-8135-40CAC486EC70}.Debug|Any CPU.ActiveCfg = Debug|Any CPU
		{B77893C8-B6FC-4451-8135-40CAC486EC70}.Debug|Any CPU.Build.0 = Debug|Any CPU
		{B77893C8-B6FC-4451-8135-40CAC486EC70}.Release|Any CPU.ActiveCfg = Release|Any CPU
		{B77893C8-B6FC-4451-8135-40CAC486EC70}.Release|Any CPU.Build.0 = Release|Any CPU
	EndGlobalSection
	GlobalSection(SolutionProperties) = preSolution
		HideSolutionNode = FALSE
	EndGlobalSection
	GlobalSection(ExtensibilityGlobals) = postSolution
		SolutionGuid = {0831592C-2D57-42AB-8BCC-E777730A3346}
	EndGlobalSection
EndGlobal
