
Microsoft Visual Studio Solution File, Format Version 12.00
# Visual Studio Version 16
VisualStudioVersion = 16.0.31729.503
MinimumVisualStudioVersion = 10.0.40219.1
Project("{FAE04EC0-301F-11D3-BF4B-00C04F79EFBC}") = "Task 1", "Task 1\Task 1.csproj", "{B68B44CB-613B-431B-8155-067F8ADF12DF}"
EndProject
Project("{FAE04EC0-301F-11D3-BF4B-00C04F79EFBC}") = "Task 2", "Task 2\Task 2.csproj", "{5952D441-7620-4F80-8846-1DA4E67824B8}"
EndProject
Project("{FAE04EC0-301F-11D3-BF4B-00C04F79EFBC}") = "Task 3", "Task 3\Task 3.csproj", "{F65F8AC6-037D-4A74-98FB-176D00FCA362}"
EndProject
Project("{FAE04EC0-301F-11D3-BF4B-00C04F79EFBC}") = "MathLibrary", "MathLibrary\MathLibrary.csproj", "{0284576A-71BC-4C57-B51F-A44957BF0440}"
EndProject
Project("{FAE04EC0-301F-11D3-BF4B-00C04F79EFBC}") = "NetBasicsDemo", "NetBasicsDemo\NetBasicsDemo.csproj", "{1CD9F443-3D16-4F0D-A9FB-2B7E6448CD0E}"
EndProject
Global
	GlobalSection(SolutionConfigurationPlatforms) = preSolution
		Debug|Any CPU = Debug|Any CPU
		Release|Any CPU = Release|Any CPU
	EndGlobalSection
	GlobalSection(ProjectConfigurationPlatforms) = postSolution
		{B68B44CB-613B-431B-8155-067F8ADF12DF}.Debug|Any CPU.ActiveCfg = Debug|Any CPU
		{B68B44CB-613B-431B-8155-067F8ADF12DF}.Debug|Any CPU.Build.0 = Debug|Any CPU
		{B68B44CB-613B-431B-8155-067F8ADF12DF}.Release|Any CPU.ActiveCfg = Release|Any CPU
		{B68B44CB-613B-431B-8155-067F8ADF12DF}.Release|Any CPU.Build.0 = Release|Any CPU
		{5952D441-7620-4F80-8846-1DA4E67824B8}.Debug|Any CPU.ActiveCfg = Debug|Any CPU
		{5952D441-7620-4F80-8846-1DA4E67824B8}.Debug|Any CPU.Build.0 = Debug|Any CPU
		{5952D441-7620-4F80-8846-1DA4E67824B8}.Release|Any CPU.ActiveCfg = Release|Any CPU
		{5952D441-7620-4F80-8846-1DA4E67824B8}.Release|Any CPU.Build.0 = Release|Any CPU
		{F65F8AC6-037D-4A74-98FB-176D00FCA362}.Debug|Any CPU.ActiveCfg = Debug|Any CPU
		{F65F8AC6-037D-4A74-98FB-176D00FCA362}.Debug|Any CPU.Build.0 = Debug|Any CPU
		{F65F8AC6-037D-4A74-98FB-176D00FCA362}.Release|Any CPU.ActiveCfg = Release|Any CPU
		{F65F8AC6-037D-4A74-98FB-176D00FCA362}.Release|Any CPU.Build.0 = Release|Any CPU
		{0284576A-71BC-4C57-B51F-A44957BF0440}.Debug|Any CPU.ActiveCfg = Debug|Any CPU
		{0284576A-71BC-4C57-B51F-A44957BF0440}.Debug|Any CPU.Build.0 = Debug|Any CPU
		{0284576A-71BC-4C57-B51F-A44957BF0440}.Release|Any CPU.ActiveCfg = Release|Any CPU
		{0284576A-71BC-4C57-B51F-A44957BF0440}.Release|Any CPU.Build.0 = Release|Any CPU
		{1CD9F443-3D16-4F0D-A9FB-2B7E6448CD0E}.Debug|Any CPU.ActiveCfg = Debug|Any CPU
		{1CD9F443-3D16-4F0D-A9FB-2B7E6448CD0E}.Debug|Any CPU.Build.0 = Debug|Any CPU
		{1CD9F443-3D16-4F0D-A9FB-2B7E6448CD0E}.Release|Any CPU.ActiveCfg = Release|Any CPU
		{1CD9F443-3D16-4F0D-A9FB-2B7E6448CD0E}.Release|Any CPU.Build.0 = Release|Any CPU
	EndGlobalSection
	GlobalSection(SolutionProperties) = preSolution
		HideSolutionNode = FALSE
	EndGlobalSection
	GlobalSection(ExtensibilityGlobals) = postSolution
		SolutionGuid = {AC1B4197-3948-4979-BAF4-4ADF90BAE4A6}
	EndGlobalSection
EndGlobal
