
Microsoft Visual Studio Solution File, Format Version 12.00
# Visual Studio Version 16
VisualStudioVersion = 16.0.31729.503
MinimumVisualStudioVersion = 10.0.40219.1
Project("{9A19103F-16F7-4668-BE54-9A1E7A4F7556}") = "PersonsAndAwardsMVC", "PersonsAndAwardsMVC\PersonsAndAwardsMVC.csproj", "{7465BAC3-FA05-40AB-A990-64BC7D377815}"
EndProject
Project("{2150E333-8FDC-42A3-9474-1A3956D46DE8}") = "MVC", "MVC", "{91DD98F5-EC12-473A-9CD7-75B305648F45}"
EndProject
Project("{2150E333-8FDC-42A3-9474-1A3956D46DE8}") = "DAL", "DAL", "{CA730367-308D-4F3E-B3D8-A72B2025F8B1}"
EndProject
Project("{2150E333-8FDC-42A3-9474-1A3956D46DE8}") = "BLL", "BLL", "{958D72CF-D912-41A1-8046-5233C4642BA9}"
EndProject
Project("{2150E333-8FDC-42A3-9474-1A3956D46DE8}") = "Common", "Common", "{1314E821-C6ED-4104-95B5-DA14AB437046}"
EndProject
Project("{9A19103F-16F7-4668-BE54-9A1E7A4F7556}") = "Entities", "Entities\Entities.csproj", "{DA2AA474-FDEF-40F9-8722-64881B76DFA3}"
EndProject
Project("{9A19103F-16F7-4668-BE54-9A1E7A4F7556}") = "Awards.DAL", "Awards.DAL\Awards.DAL.csproj", "{EFDE2B2C-6724-4DFC-9841-9CF0138069D3}"
EndProject
Project("{9A19103F-16F7-4668-BE54-9A1E7A4F7556}") = "Persons.DAL", "Persons.DAL\Persons.DAL.csproj", "{B4E6A8A1-CA75-41D5-A302-A20544ED7FE2}"
EndProject
Project("{9A19103F-16F7-4668-BE54-9A1E7A4F7556}") = "Awards.BL", "Awards.BL\Awards.BL.csproj", "{19C258E8-0292-44D8-82C1-B0489587C8A9}"
EndProject
Project("{9A19103F-16F7-4668-BE54-9A1E7A4F7556}") = "Persons.BL", "Persons.BL\Persons.BL.csproj", "{946A29D9-34FB-4A91-931B-57A699E35A33}"
EndProject
Global
	GlobalSection(SolutionConfigurationPlatforms) = preSolution
		Debug|Any CPU = Debug|Any CPU
		Release|Any CPU = Release|Any CPU
	EndGlobalSection
	GlobalSection(ProjectConfigurationPlatforms) = postSolution
		{7465BAC3-FA05-40AB-A990-64BC7D377815}.Debug|Any CPU.ActiveCfg = Debug|Any CPU
		{7465BAC3-FA05-40AB-A990-64BC7D377815}.Debug|Any CPU.Build.0 = Debug|Any CPU
		{7465BAC3-FA05-40AB-A990-64BC7D377815}.Release|Any CPU.ActiveCfg = Release|Any CPU
		{7465BAC3-FA05-40AB-A990-64BC7D377815}.Release|Any CPU.Build.0 = Release|Any CPU
		{DA2AA474-FDEF-40F9-8722-64881B76DFA3}.Debug|Any CPU.ActiveCfg = Debug|Any CPU
		{DA2AA474-FDEF-40F9-8722-64881B76DFA3}.Debug|Any CPU.Build.0 = Debug|Any CPU
		{DA2AA474-FDEF-40F9-8722-64881B76DFA3}.Release|Any CPU.ActiveCfg = Release|Any CPU
		{DA2AA474-FDEF-40F9-8722-64881B76DFA3}.Release|Any CPU.Build.0 = Release|Any CPU
		{EFDE2B2C-6724-4DFC-9841-9CF0138069D3}.Debug|Any CPU.ActiveCfg = Debug|Any CPU
		{EFDE2B2C-6724-4DFC-9841-9CF0138069D3}.Debug|Any CPU.Build.0 = Debug|Any CPU
		{EFDE2B2C-6724-4DFC-9841-9CF0138069D3}.Release|Any CPU.ActiveCfg = Release|Any CPU
		{EFDE2B2C-6724-4DFC-9841-9CF0138069D3}.Release|Any CPU.Build.0 = Release|Any CPU
		{B4E6A8A1-CA75-41D5-A302-A20544ED7FE2}.Debug|Any CPU.ActiveCfg = Debug|Any CPU
		{B4E6A8A1-CA75-41D5-A302-A20544ED7FE2}.Debug|Any CPU.Build.0 = Debug|Any CPU
		{B4E6A8A1-CA75-41D5-A302-A20544ED7FE2}.Release|Any CPU.ActiveCfg = Release|Any CPU
		{B4E6A8A1-CA75-41D5-A302-A20544ED7FE2}.Release|Any CPU.Build.0 = Release|Any CPU
		{19C258E8-0292-44D8-82C1-B0489587C8A9}.Debug|Any CPU.ActiveCfg = Debug|Any CPU
		{19C258E8-0292-44D8-82C1-B0489587C8A9}.Debug|Any CPU.Build.0 = Debug|Any CPU
		{19C258E8-0292-44D8-82C1-B0489587C8A9}.Release|Any CPU.ActiveCfg = Release|Any CPU
		{19C258E8-0292-44D8-82C1-B0489587C8A9}.Release|Any CPU.Build.0 = Release|Any CPU
		{946A29D9-34FB-4A91-931B-57A699E35A33}.Debug|Any CPU.ActiveCfg = Debug|Any CPU
		{946A29D9-34FB-4A91-931B-57A699E35A33}.Debug|Any CPU.Build.0 = Debug|Any CPU
		{946A29D9-34FB-4A91-931B-57A699E35A33}.Release|Any CPU.ActiveCfg = Release|Any CPU
		{946A29D9-34FB-4A91-931B-57A699E35A33}.Release|Any CPU.Build.0 = Release|Any CPU
	EndGlobalSection
	GlobalSection(SolutionProperties) = preSolution
		HideSolutionNode = FALSE
	EndGlobalSection
	GlobalSection(NestedProjects) = preSolution
		{7465BAC3-FA05-40AB-A990-64BC7D377815} = {91DD98F5-EC12-473A-9CD7-75B305648F45}
		{DA2AA474-FDEF-40F9-8722-64881B76DFA3} = {1314E821-C6ED-4104-95B5-DA14AB437046}
		{EFDE2B2C-6724-4DFC-9841-9CF0138069D3} = {CA730367-308D-4F3E-B3D8-A72B2025F8B1}
		{B4E6A8A1-CA75-41D5-A302-A20544ED7FE2} = {CA730367-308D-4F3E-B3D8-A72B2025F8B1}
		{19C258E8-0292-44D8-82C1-B0489587C8A9} = {958D72CF-D912-41A1-8046-5233C4642BA9}
		{946A29D9-34FB-4A91-931B-57A699E35A33} = {958D72CF-D912-41A1-8046-5233C4642BA9}
	EndGlobalSection
	GlobalSection(ExtensibilityGlobals) = postSolution
		SolutionGuid = {7EA3E386-6810-4658-A340-BCFD22FBA214}
	EndGlobalSection
EndGlobal
