
Microsoft Visual Studio Solution File, Format Version 12.00
# Visual Studio Version 16
VisualStudioVersion = 16.0.31729.503
MinimumVisualStudioVersion = 10.0.40219.1
Project("{FAE04EC0-301F-11D3-BF4B-00C04F79EFBC}") = "Task 2", "Task 2\Task 2.csproj", "{A3FD3370-974D-4FCC-B6BC-97CA3DF2E572}"
EndProject
Global
	GlobalSection(SolutionConfigurationPlatforms) = preSolution
		Debug|Any CPU = Debug|Any CPU
		Release|Any CPU = Release|Any CPU
	EndGlobalSection
	GlobalSection(ProjectConfigurationPlatforms) = postSolution
		{A3FD3370-974D-4FCC-B6BC-97CA3DF2E572}.Debug|Any CPU.ActiveCfg = Debug|Any CPU
		{A3FD3370-974D-4FCC-B6BC-97CA3DF2E572}.Debug|Any CPU.Build.0 = Debug|Any CPU
		{A3FD3370-974D-4FCC-B6BC-97CA3DF2E572}.Release|Any CPU.ActiveCfg = Release|Any CPU
		{A3FD3370-974D-4FCC-B6BC-97CA3DF2E572}.Release|Any CPU.Build.0 = Release|Any CPU
	EndGlobalSection
	GlobalSection(SolutionProperties) = preSolution
		HideSolutionNode = FALSE
	EndGlobalSection
	GlobalSection(ExtensibilityGlobals) = postSolution
		SolutionGuid = {A5827B57-30CF-46D0-8A24-75D083157F83}
	EndGlobalSection
EndGlobal
