
Microsoft Visual Studio Solution File, Format Version 12.00
# Visual Studio Version 16
VisualStudioVersion = 16.0.31729.503
MinimumVisualStudioVersion = 10.0.40219.1
Project("{FAE04EC0-301F-11D3-BF4B-00C04F79EFBC}") = "Task 1", "Task 1\Task 1.csproj", "{111A6398-BC25-4013-A018-CD291183CD70}"
EndProject
Project("{FAE04EC0-301F-11D3-BF4B-00C04F79EFBC}") = "Task 2", "Task 2\Task 2.csproj", "{2ED8EEF3-8F59-4FAF-8C56-CDF2A624B937}"
EndProject
Project("{FAE04EC0-301F-11D3-BF4B-00C04F79EFBC}") = "Task 3", "Task 3\Task 3.csproj", "{9656D33E-A73C-42B4-B2C3-3DAA913AF46E}"
EndProject
Global
	GlobalSection(SolutionConfigurationPlatforms) = preSolution
		Debug|Any CPU = Debug|Any CPU
		Release|Any CPU = Release|Any CPU
	EndGlobalSection
	GlobalSection(ProjectConfigurationPlatforms) = postSolution
		{111A6398-BC25-4013-A018-CD291183CD70}.Debug|Any CPU.ActiveCfg = Debug|Any CPU
		{111A6398-BC25-4013-A018-CD291183CD70}.Debug|Any CPU.Build.0 = Debug|Any CPU
		{111A6398-BC25-4013-A018-CD291183CD70}.Release|Any CPU.ActiveCfg = Release|Any CPU
		{111A6398-BC25-4013-A018-CD291183CD70}.Release|Any CPU.Build.0 = Release|Any CPU
		{2ED8EEF3-8F59-4FAF-8C56-CDF2A624B937}.Debug|Any CPU.ActiveCfg = Debug|Any CPU
		{2ED8EEF3-8F59-4FAF-8C56-CDF2A624B937}.Debug|Any CPU.Build.0 = Debug|Any CPU
		{2ED8EEF3-8F59-4FAF-8C56-CDF2A624B937}.Release|Any CPU.ActiveCfg = Release|Any CPU
		{2ED8EEF3-8F59-4FAF-8C56-CDF2A624B937}.Release|Any CPU.Build.0 = Release|Any CPU
		{9656D33E-A73C-42B4-B2C3-3DAA913AF46E}.Debug|Any CPU.ActiveCfg = Debug|Any CPU
		{9656D33E-A73C-42B4-B2C3-3DAA913AF46E}.Debug|Any CPU.Build.0 = Debug|Any CPU
		{9656D33E-A73C-42B4-B2C3-3DAA913AF46E}.Release|Any CPU.ActiveCfg = Release|Any CPU
		{9656D33E-A73C-42B4-B2C3-3DAA913AF46E}.Release|Any CPU.Build.0 = Release|Any CPU
	EndGlobalSection
	GlobalSection(SolutionProperties) = preSolution
		HideSolutionNode = FALSE
	EndGlobalSection
	GlobalSection(ExtensibilityGlobals) = postSolution
		SolutionGuid = {D1E88ED1-ACD5-4EEC-B16E-3054EF4D6956}
	EndGlobalSection
EndGlobal
