
Microsoft Visual Studio Solution File, Format Version 12.00
# Visual Studio Version 16
VisualStudioVersion = 16.0.31729.503
MinimumVisualStudioVersion = 10.0.40219.1
Project("{9A19103F-16F7-4668-BE54-9A1E7A4F7556}") = "WinFormsThreeLayer", "WinFormsThreeLayer\WinFormsThreeLayer.csproj", "{5DD2D86F-D73F-48BE-AF14-6A34E599FC23}"
EndProject
Project("{2150E333-8FDC-42A3-9474-1A3956D46DE8}") = "BLL", "BLL", "{86D2EBD8-6B58-49D0-940D-730D72A972B8}"
EndProject
Project("{2150E333-8FDC-42A3-9474-1A3956D46DE8}") = "PL", "PL", "{B307FA30-9EE7-40C9-A5F3-4B89832DCF7E}"
EndProject
Project("{2150E333-8FDC-42A3-9474-1A3956D46DE8}") = "DAL", "DAL", "{9CEC0290-17FB-4684-97D8-9A1637919C2C}"
EndProject
Project("{2150E333-8FDC-42A3-9474-1A3956D46DE8}") = "Common", "Common", "{CA8A4206-204C-4580-8D00-B75A6F9DEC80}"
EndProject
Project("{9A19103F-16F7-4668-BE54-9A1E7A4F7556}") = "Entities", "Entities\Entities.csproj", "{6CF22FE5-9D2B-4E9D-939A-2C36B79B13D2}"
EndProject
Project("{9A19103F-16F7-4668-BE54-9A1E7A4F7556}") = "Persons.DAL", "Persons.DAL\Persons.DAL.csproj", "{201E040B-C94E-4505-B15B-30AABECCF380}"
EndProject
Project("{FAE04EC0-301F-11D3-BF4B-00C04F79EFBC}") = "Awards.DAL", "Awards.DAL\Awards.DAL.csproj", "{13723DC3-EC59-459C-9F4E-19D5105E0903}"
EndProject
Project("{FAE04EC0-301F-11D3-BF4B-00C04F79EFBC}") = "Persons.BL", "Persons.BL\Persons.BL.csproj", "{EFDCABDC-268C-4AC6-9D7E-73CCEC2F9580}"
EndProject
Project("{FAE04EC0-301F-11D3-BF4B-00C04F79EFBC}") = "Awards.BL", "Awards.BL\Awards.BL.csproj", "{40EF234B-1DF3-4143-AED2-C8B32B914AA1}"
EndProject
Global
	GlobalSection(SolutionConfigurationPlatforms) = preSolution
		Debug|Any CPU = Debug|Any CPU
		Release|Any CPU = Release|Any CPU
	EndGlobalSection
	GlobalSection(ProjectConfigurationPlatforms) = postSolution
		{5DD2D86F-D73F-48BE-AF14-6A34E599FC23}.Debug|Any CPU.ActiveCfg = Debug|Any CPU
		{5DD2D86F-D73F-48BE-AF14-6A34E599FC23}.Debug|Any CPU.Build.0 = Debug|Any CPU
		{5DD2D86F-D73F-48BE-AF14-6A34E599FC23}.Release|Any CPU.ActiveCfg = Release|Any CPU
		{5DD2D86F-D73F-48BE-AF14-6A34E599FC23}.Release|Any CPU.Build.0 = Release|Any CPU
		{6CF22FE5-9D2B-4E9D-939A-2C36B79B13D2}.Debug|Any CPU.ActiveCfg = Debug|Any CPU
		{6CF22FE5-9D2B-4E9D-939A-2C36B79B13D2}.Debug|Any CPU.Build.0 = Debug|Any CPU
		{6CF22FE5-9D2B-4E9D-939A-2C36B79B13D2}.Release|Any CPU.ActiveCfg = Release|Any CPU
		{6CF22FE5-9D2B-4E9D-939A-2C36B79B13D2}.Release|Any CPU.Build.0 = Release|Any CPU
		{201E040B-C94E-4505-B15B-30AABECCF380}.Debug|Any CPU.ActiveCfg = Debug|Any CPU
		{201E040B-C94E-4505-B15B-30AABECCF380}.Debug|Any CPU.Build.0 = Debug|Any CPU
		{201E040B-C94E-4505-B15B-30AABECCF380}.Release|Any CPU.ActiveCfg = Release|Any CPU
		{201E040B-C94E-4505-B15B-30AABECCF380}.Release|Any CPU.Build.0 = Release|Any CPU
		{13723DC3-EC59-459C-9F4E-19D5105E0903}.Debug|Any CPU.ActiveCfg = Debug|Any CPU
		{13723DC3-EC59-459C-9F4E-19D5105E0903}.Debug|Any CPU.Build.0 = Debug|Any CPU
		{13723DC3-EC59-459C-9F4E-19D5105E0903}.Release|Any CPU.ActiveCfg = Release|Any CPU
		{13723DC3-EC59-459C-9F4E-19D5105E0903}.Release|Any CPU.Build.0 = Release|Any CPU
		{EFDCABDC-268C-4AC6-9D7E-73CCEC2F9580}.Debug|Any CPU.ActiveCfg = Debug|Any CPU
		{EFDCABDC-268C-4AC6-9D7E-73CCEC2F9580}.Debug|Any CPU.Build.0 = Debug|Any CPU
		{EFDCABDC-268C-4AC6-9D7E-73CCEC2F9580}.Release|Any CPU.ActiveCfg = Release|Any CPU
		{EFDCABDC-268C-4AC6-9D7E-73CCEC2F9580}.Release|Any CPU.Build.0 = Release|Any CPU
		{40EF234B-1DF3-4143-AED2-C8B32B914AA1}.Debug|Any CPU.ActiveCfg = Debug|Any CPU
		{40EF234B-1DF3-4143-AED2-C8B32B914AA1}.Debug|Any CPU.Build.0 = Debug|Any CPU
		{40EF234B-1DF3-4143-AED2-C8B32B914AA1}.Release|Any CPU.ActiveCfg = Release|Any CPU
		{40EF234B-1DF3-4143-AED2-C8B32B914AA1}.Release|Any CPU.Build.0 = Release|Any CPU
	EndGlobalSection
	GlobalSection(SolutionProperties) = preSolution
		HideSolutionNode = FALSE
	EndGlobalSection
	GlobalSection(NestedProjects) = preSolution
		{5DD2D86F-D73F-48BE-AF14-6A34E599FC23} = {B307FA30-9EE7-40C9-A5F3-4B89832DCF7E}
		{6CF22FE5-9D2B-4E9D-939A-2C36B79B13D2} = {CA8A4206-204C-4580-8D00-B75A6F9DEC80}
		{201E040B-C94E-4505-B15B-30AABECCF380} = {9CEC0290-17FB-4684-97D8-9A1637919C2C}
		{13723DC3-EC59-459C-9F4E-19D5105E0903} = {9CEC0290-17FB-4684-97D8-9A1637919C2C}
		{EFDCABDC-268C-4AC6-9D7E-73CCEC2F9580} = {86D2EBD8-6B58-49D0-940D-730D72A972B8}
		{40EF234B-1DF3-4143-AED2-C8B32B914AA1} = {86D2EBD8-6B58-49D0-940D-730D72A972B8}
	EndGlobalSection
	GlobalSection(ExtensibilityGlobals) = postSolution
		SolutionGuid = {54C41861-72DE-4BEE-B18C-971278A4AB15}
	EndGlobalSection
EndGlobal
