
Microsoft Visual Studio Solution File, Format Version 12.00
# Visual Studio Version 16
VisualStudioVersion = 16.0.31702.278
MinimumVisualStudioVersion = 10.0.40219.1
Project("{FAE04EC0-301F-11D3-BF4B-00C04F79EFBC}") = "Task1", "Task1\Task1.csproj", "{EB5A78FA-3457-4F16-8619-652B514B2D3E}"
EndProject
Project("{FAE04EC0-301F-11D3-BF4B-00C04F79EFBC}") = "Task2", "Task2\Task2.csproj", "{92E61989-A021-430A-ABF5-F4A9B3084D23}"
EndProject
Project("{FAE04EC0-301F-11D3-BF4B-00C04F79EFBC}") = "Task3", "Task3\Task3.csproj", "{0AD86797-391B-41A5-9145-DF2D5AE94FCC}"
EndProject
Project("{FAE04EC0-301F-11D3-BF4B-00C04F79EFBC}") = "Task4", "Task4\Task4.csproj", "{0B557B42-6138-41E4-B4DA-A1047D2893D8}"
EndProject
Global
	GlobalSection(SolutionConfigurationPlatforms) = preSolution
		Debug|Any CPU = Debug|Any CPU
		Release|Any CPU = Release|Any CPU
	EndGlobalSection
	GlobalSection(ProjectConfigurationPlatforms) = postSolution
		{EB5A78FA-3457-4F16-8619-652B514B2D3E}.Debug|Any CPU.ActiveCfg = Debug|Any CPU
		{EB5A78FA-3457-4F16-8619-652B514B2D3E}.Debug|Any CPU.Build.0 = Debug|Any CPU
		{EB5A78FA-3457-4F16-8619-652B514B2D3E}.Release|Any CPU.ActiveCfg = Release|Any CPU
		{EB5A78FA-3457-4F16-8619-652B514B2D3E}.Release|Any CPU.Build.0 = Release|Any CPU
		{92E61989-A021-430A-ABF5-F4A9B3084D23}.Debug|Any CPU.ActiveCfg = Debug|Any CPU
		{92E61989-A021-430A-ABF5-F4A9B3084D23}.Debug|Any CPU.Build.0 = Debug|Any CPU
		{92E61989-A021-430A-ABF5-F4A9B3084D23}.Release|Any CPU.ActiveCfg = Release|Any CPU
		{92E61989-A021-430A-ABF5-F4A9B3084D23}.Release|Any CPU.Build.0 = Release|Any CPU
		{0AD86797-391B-41A5-9145-DF2D5AE94FCC}.Debug|Any CPU.ActiveCfg = Debug|Any CPU
		{0AD86797-391B-41A5-9145-DF2D5AE94FCC}.Debug|Any CPU.Build.0 = Debug|Any CPU
		{0AD86797-391B-41A5-9145-DF2D5AE94FCC}.Release|Any CPU.ActiveCfg = Release|Any CPU
		{0AD86797-391B-41A5-9145-DF2D5AE94FCC}.Release|Any CPU.Build.0 = Release|Any CPU
		{0B557B42-6138-41E4-B4DA-A1047D2893D8}.Debug|Any CPU.ActiveCfg = Debug|Any CPU
		{0B557B42-6138-41E4-B4DA-A1047D2893D8}.Debug|Any CPU.Build.0 = Debug|Any CPU
		{0B557B42-6138-41E4-B4DA-A1047D2893D8}.Release|Any CPU.ActiveCfg = Release|Any CPU
		{0B557B42-6138-41E4-B4DA-A1047D2893D8}.Release|Any CPU.Build.0 = Release|Any CPU
	EndGlobalSection
	GlobalSection(SolutionProperties) = preSolution
		HideSolutionNode = FALSE
	EndGlobalSection
	GlobalSection(ExtensibilityGlobals) = postSolution
		SolutionGuid = {780FF9A7-C42C-44E9-B2DB-888D719DDE7A}
	EndGlobalSection
EndGlobal
